// !$*UTF8*$!
{
	archiveVersion = 1;
	classes = {
	};
	objectVersion = 50;
	objects = {

/* Begin PBXBuildFile section */
		6C1C213826A6875B00066ACF /* SwiftUI_exampleApp.swift in Sources */ = {isa = PBXBuildFile; fileRef = 6C1C213726A6875B00066ACF /* SwiftUI_exampleApp.swift */; };
		6C1C213A26A6875B00066ACF /* ContentView.swift in Sources */ = {isa = PBXBuildFile; fileRef = 6C1C213926A6875B00066ACF /* ContentView.swift */; };
		6C1C213C26A6875D00066ACF /* Assets.xcassets in Resources */ = {isa = PBXBuildFile; fileRef = 6C1C213B26A6875D00066ACF /* Assets.xcassets */; };
		6C1C213F26A6875D00066ACF /* Preview Assets.xcassets in Resources */ = {isa = PBXBuildFile; fileRef = 6C1C213E26A6875D00066ACF /* Preview Assets.xcassets */; };
		6C40E46026AB0EE400847D4A /* MyVstackView.swift in Sources */ = {isa = PBXBuildFile; fileRef = 6C40E45F26AB0EE400847D4A /* MyVstackView.swift */; };
		6C40E46226AB143600847D4A /* MyTextView.swift in Sources */ = {isa = PBXBuildFile; fileRef = 6C40E46126AB143600847D4A /* MyTextView.swift */; };
/* End PBXBuildFile section */

/* Begin PBXFileReference section */
		6C1C213426A6875B00066ACF /* SwiftUI_example.app */ = {isa = PBXFileReference; explicitFileType = wrapper.application; includeInIndex = 0; path = SwiftUI_example.app; sourceTree = BUILT_PRODUCTS_DIR; };
		6C1C213726A6875B00066ACF /* SwiftUI_exampleApp.swift */ = {isa = PBXFileReference; lastKnownFileType = sourcecode.swift; path = SwiftUI_exampleApp.swift; sourceTree = "<group>"; };
		6C1C213926A6875B00066ACF /* ContentView.swift */ = {isa = PBXFileReference; lastKnownFileType = sourcecode.swift; path = ContentView.swift; sourceTree = "<group>"; };
		6C1C213B26A6875D00066ACF /* Assets.xcassets */ = {isa = PBXFileReference; lastKnownFileType = folder.assetcatalog; path = Assets.xcassets; sourceTree = "<group>"; };
		6C1C213E26A6875D00066ACF /* Preview Assets.xcassets */ = {isa = PBXFileReference; lastKnownFileType = folder.assetcatalog; path = "Preview Assets.xcassets"; sourceTree = "<group>"; };
		6C1C214026A6875D00066ACF /* Info.plist */ = {isa = PBXFileReference; lastKnownFileType = text.plist.xml; path = Info.plist; sourceTree = "<group>"; };
		6C40E45F26AB0EE400847D4A /* MyVstackView.swift */ = {isa = PBXFileReference; lastKnownFileType = sourcecode.swift; path = MyVstackView.swift; sourceTree = "<group>"; };
		6C40E46126AB143600847D4A /* MyTextView.swift */ = {isa = PBXFileReference; lastKnownFileType = sourcecode.swift; path = MyTextView.swift; sourceTree = "<group>"; };
/* End PBXFileReference section */

/* Begin PBXFrameworksBuildPhase section */
		6C1C213126A6875B00066ACF /* Frameworks */ = {
			isa = PBXFrameworksBuildPhase;
			buildActionMask = 2147483647;
			files = (
			);
			runOnlyForDeploymentPostprocessing = 0;
		};
/* End PBXFrameworksBuildPhase section */

/* Begin PBXGroup section */
		6C1C212B26A6875B00066ACF = {
			isa = PBXGroup;
			children = (
				6C1C213626A6875B00066ACF /* SwiftUI_example */,
				6C1C213526A6875B00066ACF /* Products */,
			);
			sourceTree = "<group>";
		};
		6C1C213526A6875B00066ACF /* Products */ = {
			isa = PBXGroup;
			children = (
				6C1C213426A6875B00066ACF /* SwiftUI_example.app */,
			);
			name = Products;
			sourceTree = "<group>";
		};
		6C1C213626A6875B00066ACF /* SwiftUI_example */ = {
			isa = PBXGroup;
			children = (
				6C1C213726A6875B00066ACF /* SwiftUI_exampleApp.swift */,
				6C1C213926A6875B00066ACF /* ContentView.swift */,
				6C1C213B26A6875D00066ACF /* Assets.xcassets */,
				6C1C214026A6875D00066ACF /* Info.plist */,
				6C1C213D26A6875D00066ACF /* Preview Content */,
				6C40E45F26AB0EE400847D4A /* MyVstackView.swift */,
				6C40E46126AB143600847D4A /* MyTextView.swift */,
			);
			path = SwiftUI_example;
			sourceTree = "<group>";
		};
		6C1C213D26A6875D00066ACF /* Preview Content */ = {
			isa = PBXGroup;
			children = (
				6C1C213E26A6875D00066ACF /* Preview Assets.xcassets */,
			);
			path = "Preview Content";
			sourceTree = "<group>";
		};
/* End PBXGroup section */

/* Begin PBXNativeTarget section */
		6C1C213326A6875B00066ACF /* SwiftUI_example */ = {
			isa = PBXNativeTarget;
			buildConfigurationList = 6C1C214326A6875D00066ACF /* Build configuration list for PBXNativeTarget "SwiftUI_example" */;
			buildPhases = (
				6C1C213026A6875B00066ACF /* Sources */,
				6C1C213126A6875B00066ACF /* Frameworks */,
				6C1C213226A6875B00066ACF /* Resources */,
			);
			buildRules = (
			);
			dependencies = (
			);
			name = SwiftUI_example;
			productName = SwiftUI_example;
			productReference = 6C1C213426A6875B00066ACF /* SwiftUI_example.app */;
			productType = "com.apple.product-type.application";
		};
/* End PBXNativeTarget section */

/* Begin PBXProject section */
		6C1C212C26A6875B00066ACF /* Project object */ = {
			isa = PBXProject;
			attributes = {
				LastSwiftUpdateCheck = 1250;
				LastUpgradeCheck = 1250;
				TargetAttributes = {
					6C1C213326A6875B00066ACF = {
						CreatedOnToolsVersion = 12.5.1;
					};
				};
			};
			buildConfigurationList = 6C1C212F26A6875B00066ACF /* Build configuration list for PBXProject "SwiftUI_example" */;
			compatibilityVersion = "Xcode 9.3";
			developmentRegion = en;
			hasScannedForEncodings = 0;
			knownRegions = (
				en,
				Base,
			);
			mainGroup = 6C1C212B26A6875B00066ACF;
			productRefGroup = 6C1C213526A6875B00066ACF /* Products */;
			projectDirPath = "";
			projectRoot = "";
			targets = (
				6C1C213326A6875B00066ACF /* SwiftUI_example */,
			);
		};
/* End PBXProject section */

/* Begin PBXResourcesBuildPhase section */
		6C1C213226A6875B00066ACF /* Resources */ = {
			isa = PBXResourcesBuildPhase;
			buildActionMask = 2147483647;
			files = (
				6C1C213F26A6875D00066ACF /* Preview Assets.xcassets in Resources */,
				6C1C213C26A6875D00066ACF /* Assets.xcassets in Resources */,
			);
			runOnlyForDeploymentPostprocessing = 0;
		};
/* End PBXResourcesBuildPhase section */

/* Begin PBXSourcesBuildPhase section */
		6C1C213026A6875B00066ACF /* Sources */ = {
			isa = PBXSourcesBuildPhase;
			buildActionMask = 2147483647;
			files = (
				6C1C213A26A6875B00066ACF /* ContentView.swift in Sources */,
				6C40E46226AB143600847D4A /* MyTextView.swift in Sources */,
				6C1C213826A6875B00066ACF /* SwiftUI_exampleApp.swift in Sources */,
				6C40E46026AB0EE400847D4A /* MyVstackView.swift in Sources */,
			);
			runOnlyForDeploymentPostprocessing = 0;
		};
/* End PBXSourcesBuildPhase section */

/* Begin XCBuildConfiguration section */
		6C1C214126A6875D00066ACF /* Debug */ = {
			isa = XCBuildConfiguration;
			buildSettings = {
				ALWAYS_SEARCH_USER_PATHS = NO;
				CLANG_ANALYZER_NONNULL = YES;
				CLANG_ANALYZER_NUMBER_OBJECT_CONVERSION = YES_AGGRESSIVE;
				CLANG_CXX_LANGUAGE_STANDARD = "gnu++14";
				CLANG_CXX_LIBRARY = "libc++";
				CLANG_ENABLE_MODULES = YES;
				CLANG_ENABLE_OBJC_ARC = YES;
				CLANG_ENABLE_OBJC_WEAK = YES;
				CLANG_WARN_BLOCK_CAPTURE_AUTORELEASING = YES;
				CLANG_WARN_BOOL_CONVERSION = YES;
				CLANG_WARN_COMMA = YES;
				CLANG_WARN_CONSTANT_CONVERSION = YES;
				CLANG_WARN_DEPRECATED_OBJC_IMPLEMENTATIONS = YES;
				CLANG_WARN_DIRECT_OBJC_ISA_USAGE = YES_ERROR;
				CLANG_WARN_DOCUMENTATION_COMMENTS = YES;
				CLANG_WARN_EMPTY_BODY = YES;
				CLANG_WARN_ENUM_CONVERSION = YES;
				CLANG_WARN_INFINITE_RECURSION = YES;
				CLANG_WARN_INT_CONVERSION = YES;
				CLANG_WARN_NON_LITERAL_NULL_CONVERSION = YES;
				CLANG_WARN_OBJC_IMPLICIT_RETAIN_SELF = YES;
				CLANG_WARN_OBJC_LITERAL_CONVERSION = YES;
				CLANG_WARN_OBJC_ROOT_CLASS = YES_ERROR;
				CLANG_WARN_QUOTED_INCLUDE_IN_FRAMEWORK_HEADER = YES;
				CLANG_WARN_RANGE_LOOP_ANALYSIS = YES;
				CLANG_WARN_STRICT_PROTOTYPES = YES;
				CLANG_WARN_SUSPICIOUS_MOVE = YES;
				CLANG_WARN_UNGUARDED_AVAILABILITY = YES_AGGRESSIVE;
				CLANG_WARN_UNREACHABLE_CODE = YES;
				CLANG_WARN__DUPLICATE_METHOD_MATCH = YES;
				COPY_PHASE_STRIP = NO;
				DEBUG_INFORMATION_FORMAT = dwarf;
				ENABLE_STRICT_OBJC_MSGSEND = YES;
				ENABLE_TESTABILITY = YES;
				GCC_C_LANGUAGE_STANDARD = gnu11;
				GCC_DYNAMIC_NO_PIC = NO;
				GCC_NO_COMMON_BLOCKS = YES;
				GCC_OPTIMIZATION_LEVEL = 0;
				GCC_PREPROCESSOR_DEFINITIONS = (
					"DEBUG=1",
					"$(inherited)",
				);
				GCC_WARN_64_TO_32_BIT_CONVERSION = YES;
				GCC_WARN_ABOUT_RETURN_TYPE = YES_ERROR;
				GCC_WARN_UNDECLARED_SELECTOR = YES;
				GCC_WARN_UNINITIALIZED_AUTOS = YES_AGGRESSIVE;
				GCC_WARN_UNUSED_FUNCTION = YES;
				GCC_WARN_UNUSED_VARIABLE = YES;
				IPHONEOS_DEPLOYMENT_TARGET = 14.5;
				MTL_ENABLE_DEBUG_INFO = INCLUDE_SOURCE;
				MTL_FAST_MATH = YES;
				ONLY_ACTIVE_ARCH = YES;
				SDKROOT = iphoneos;
				SWIFT_ACTIVE_COMPILATION_CONDITIONS = DEBUG;
				SWIFT_OPTIMIZATION_LEVEL = "-Onone";
			};
			name = Debug;
		};
		6C1C214226A6875D00066ACF /* Release */ = {
			isa = XCBuildConfiguration;
			buildSettings = {
				ALWAYS_SEARCH_USER_PATHS = NO;
				CLANG_ANALYZER_NONNULL = YES;
				CLANG_ANALYZER_NUMBER_OBJECT_CONVERSION = YES_AGGRESSIVE;
				CLANG_CXX_LANGUAGE_STANDARD = "gnu++14";
				CLANG_CXX_LIBRARY = "libc++";
				CLANG_ENABLE_MODULES = YES;
				CLANG_ENABLE_OBJC_ARC = YES;
				CLANG_ENABLE_OBJC_WEAK = YES;
				CLANG_WARN_BLOCK_CAPTURE_AUTORELEASING = YES;
				CLANG_WARN_BOOL_CONVERSION = YES;
				CLANG_WARN_COMMA = YES;
				CLANG_WARN_CONSTANT_CONVERSION = YES;
				CLANG_WARN_DEPRECATED_OBJC_IMPLEMENTATIONS = YES;
				CLANG_WARN_DIRECT_OBJC_ISA_USAGE = YES_ERROR;
				CLANG_WARN_DOCUMENTATION_COMMENTS = YES;
				CLANG_WARN_EMPTY_BODY = YES;
				CLANG_WARN_ENUM_CONVERSION = YES;
				CLANG_WARN_INFINITE_RECURSION = YES;
				CLANG_WARN_INT_CONVERSION = YES;
				CLANG_WARN_NON_LITERAL_NULL_CONVERSION = YES;
				CLANG_WARN_OBJC_IMPLICIT_RETAIN_SELF = YES;
				CLANG_WARN_OBJC_LITERAL_CONVERSION = YES;
				CLANG_WARN_OBJC_ROOT_CLASS = YES_ERROR;
				CLANG_WARN_QUOTED_INCLUDE_IN_FRAMEWORK_HEADER = YES;
				CLANG_WARN_RANGE_LOOP_ANALYSIS = YES;
				CLANG_WARN_STRICT_PROTOTYPES = YES;
				CLANG_WARN_SUSPICIOUS_MOVE = YES;
				CLANG_WARN_UNGUARDED_AVAILABILITY = YES_AGGRESSIVE;
				CLANG_WARN_UNREACHABLE_CODE = YES;
				CLANG_WARN__DUPLICATE_METHOD_MATCH = YES;
				COPY_PHASE_STRIP = NO;
				DEBUG_INFORMATION_FORMAT = "dwarf-with-dsym";
				ENABLE_NS_ASSERTIONS = NO;
				ENABLE_STRICT_OBJC_MSGSEND = YES;
				GCC_C_LANGUAGE_STANDARD = gnu11;
				GCC_NO_COMMON_BLOCKS = YES;
				GCC_WARN_64_TO_32_BIT_CONVERSION = YES;
				GCC_WARN_ABOUT_RETURN_TYPE = YES_ERROR;
				GCC_WARN_UNDECLARED_SELECTOR = YES;
				GCC_WARN_UNINITIALIZED_AUTOS = YES_AGGRESSIVE;
				GCC_WARN_UNUSED_FUNCTION = YES;
				GCC_WARN_UNUSED_VARIABLE = YES;
				IPHONEOS_DEPLOYMENT_TARGET = 14.5;
				MTL_ENABLE_DEBUG_INFO = NO;
				MTL_FAST_MATH = YES;
				SDKROOT = iphoneos;
				SWIFT_COMPILATION_MODE = wholemodule;
				SWIFT_OPTIMIZATION_LEVEL = "-O";
				VALIDATE_PRODUCT = YES;
			};
			name = Release;
		};
		6C1C214426A6875D00066ACF /* Debug */ = {
			isa = XCBuildConfiguration;
			buildSettings = {
				ASSETCATALOG_COMPILER_APPICON_NAME = AppIcon;
				ASSETCATALOG_COMPILER_GLOBAL_ACCENT_COLOR_NAME = AccentColor;
				CODE_SIGN_STYLE = Automatic;
				DEVELOPMENT_ASSET_PATHS = "\"SwiftUI_example/Preview Content\"";
				DEVELOPMENT_TEAM = TLRL588DB6;
				ENABLE_PREVIEWS = YES;
				INFOPLIST_FILE = SwiftUI_example/Info.plist;
				IPHONEOS_DEPLOYMENT_TARGET = 14.0;
				LD_RUNPATH_SEARCH_PATHS = (
					"$(inherited)",
					"@executable_path/Frameworks",
				);
				PRODUCT_BUNDLE_IDENTIFIER = "Julia.SwiftUI-example";
				PRODUCT_NAME = "$(TARGET_NAME)";
				SWIFT_VERSION = 5.0;
				TARGETED_DEVICE_FAMILY = "1,2";
			};
			name = Debug;
		};
		6C1C214526A6875D00066ACF /* Release */ = {
			isa = XCBuildConfiguration;
			buildSettings = {
				ASSETCATALOG_COMPILER_APPICON_NAME = AppIcon;
				ASSETCATALOG_COMPILER_GLOBAL_ACCENT_COLOR_NAME = AccentColor;
				CODE_SIGN_STYLE = Automatic;
				DEVELOPMENT_ASSET_PATHS = "\"SwiftUI_example/Preview Content\"";
				DEVELOPMENT_TEAM = TLRL588DB6;
				ENABLE_PREVIEWS = YES;
				INFOPLIST_FILE = SwiftUI_example/Info.plist;
				IPHONEOS_DEPLOYMENT_TARGET = 14.0;
				LD_RUNPATH_SEARCH_PATHS = (
					"$(inherited)",
					"@executable_path/Frameworks",
				);
				PRODUCT_BUNDLE_IDENTIFIER = "Julia.SwiftUI-example";
				PRODUCT_NAME = "$(TARGET_NAME)";
				SWIFT_VERSION = 5.0;
				TARGETED_DEVICE_FAMILY = "1,2";
			};
			name = Release;
		};
/* End XCBuildConfiguration section */

/* Begin XCConfigurationList section */
		6C1C212F26A6875B00066ACF /* Build configuration list for PBXProject "SwiftUI_example" */ = {
			isa = XCConfigurationList;
			buildConfigurations = (
				6C1C214126A6875D00066ACF /* Debug */,
				6C1C214226A6875D00066ACF /* Release */,
			);
			defaultConfigurationIsVisible = 0;
			defaultConfigurationName = Release;
		};
		6C1C214326A6875D00066ACF /* Build configuration list for PBXNativeTarget "SwiftUI_example" */ = {
			isa = XCConfigurationList;
			buildConfigurations = (
				6C1C214426A6875D00066ACF /* Debug */,
				6C1C214526A6875D00066ACF /* Release */,
			);
			defaultConfigurationIsVisible = 0;
			defaultConfigurationName = Release;
		};
/* End XCConfigurationList section */
	};
	rootObject = 6C1C212C26A6875B00066ACF /* Project object */;
}
