// !$*UTF8*$!
{
	archiveVersion = 1;
	classes = {
	};
	objectVersion = 50;
	objects = {

/* Begin PBXBuildFile section */
		6CDFFB5926B8045300878B57 /* AppDelegate.swift in Sources */ = {isa = PBXBuildFile; fileRef = 6CDFFB5826B8045300878B57 /* AppDelegate.swift */; };
		6CDFFB5B26B8045300878B57 /* SceneDelegate.swift in Sources */ = {isa = PBXBuildFile; fileRef = 6CDFFB5A26B8045300878B57 /* SceneDelegate.swift */; };
		6CDFFB5D26B8045300878B57 /* ContentView.swift in Sources */ = {isa = PBXBuildFile; fileRef = 6CDFFB5C26B8045300878B57 /* ContentView.swift */; };
		6CDFFB5F26B8045400878B57 /* Assets.xcassets in Resources */ = {isa = PBXBuildFile; fileRef = 6CDFFB5E26B8045400878B57 /* Assets.xcassets */; };
		6CDFFB6226B8045400878B57 /* Preview Assets.xcassets in Resources */ = {isa = PBXBuildFile; fileRef = 6CDFFB6126B8045400878B57 /* Preview Assets.xcassets */; };
		6CDFFB6526B8045400878B57 /* LaunchScreen.storyboard in Resources */ = {isa = PBXBuildFile; fileRef = 6CDFFB6326B8045400878B57 /* LaunchScreen.storyboard */; };
		6CDFFB6D26B8082800878B57 /* MyVstack.swift in Sources */ = {isa = PBXBuildFile; fileRef = 6CDFFB6C26B8082800878B57 /* MyVstack.swift */; };
		6CDFFB6F26B8097500878B57 /* MyHstack.swift in Sources */ = {isa = PBXBuildFile; fileRef = 6CDFFB6E26B8097500878B57 /* MyHstack.swift */; };
		6CDFFB7126B80BEF00878B57 /* MyZstack.swift in Sources */ = {isa = PBXBuildFile; fileRef = 6CDFFB7026B80BEF00878B57 /* MyZstack.swift */; };
/* End PBXBuildFile section */

/* Begin PBXFileReference section */
		6CDFFB5526B8045300878B57 /* SwiftUI_Stacks.app */ = {isa = PBXFileReference; explicitFileType = wrapper.application; includeInIndex = 0; path = SwiftUI_Stacks.app; sourceTree = BUILT_PRODUCTS_DIR; };
		6CDFFB5826B8045300878B57 /* AppDelegate.swift */ = {isa = PBXFileReference; lastKnownFileType = sourcecode.swift; path = AppDelegate.swift; sourceTree = "<group>"; };
		6CDFFB5A26B8045300878B57 /* SceneDelegate.swift */ = {isa = PBXFileReference; lastKnownFileType = sourcecode.swift; path = SceneDelegate.swift; sourceTree = "<group>"; };
		6CDFFB5C26B8045300878B57 /* ContentView.swift */ = {isa = PBXFileReference; lastKnownFileType = sourcecode.swift; path = ContentView.swift; sourceTree = "<group>"; };
		6CDFFB5E26B8045400878B57 /* Assets.xcassets */ = {isa = PBXFileReference; lastKnownFileType = folder.assetcatalog; path = Assets.xcassets; sourceTree = "<group>"; };
		6CDFFB6126B8045400878B57 /* Preview Assets.xcassets */ = {isa = PBXFileReference; lastKnownFileType = folder.assetcatalog; path = "Preview Assets.xcassets"; sourceTree = "<group>"; };
		6CDFFB6426B8045400878B57 /* Base */ = {isa = PBXFileReference; lastKnownFileType = file.storyboard; name = Base; path = Base.lproj/LaunchScreen.storyboard; sourceTree = "<group>"; };
		6CDFFB6626B8045400878B57 /* Info.plist */ = {isa = PBXFileReference; lastKnownFileType = text.plist.xml; path = Info.plist; sourceTree = "<group>"; };
		6CDFFB6C26B8082800878B57 /* MyVstack.swift */ = {isa = PBXFileReference; lastKnownFileType = sourcecode.swift; path = MyVstack.swift; sourceTree = "<group>"; };
		6CDFFB6E26B8097500878B57 /* MyHstack.swift */ = {isa = PBXFileReference; lastKnownFileType = sourcecode.swift; path = MyHstack.swift; sourceTree = "<group>"; };
		6CDFFB7026B80BEF00878B57 /* MyZstack.swift */ = {isa = PBXFileReference; lastKnownFileType = sourcecode.swift; path = MyZstack.swift; sourceTree = "<group>"; };
/* End PBXFileReference section */

/* Begin PBXFrameworksBuildPhase section */
		6CDFFB5226B8045300878B57 /* Frameworks */ = {
			isa = PBXFrameworksBuildPhase;
			buildActionMask = 2147483647;
			files = (
			);
			runOnlyForDeploymentPostprocessing = 0;
		};
/* End PBXFrameworksBuildPhase section */

/* Begin PBXGroup section */
		6CDFFB4C26B8045300878B57 = {
			isa = PBXGroup;
			children = (
				6CDFFB5726B8045300878B57 /* SwiftUI_Stacks */,
				6CDFFB5626B8045300878B57 /* Products */,
			);
			sourceTree = "<group>";
		};
		6CDFFB5626B8045300878B57 /* Products */ = {
			isa = PBXGroup;
			children = (
				6CDFFB5526B8045300878B57 /* SwiftUI_Stacks.app */,
			);
			name = Products;
			sourceTree = "<group>";
		};
		6CDFFB5726B8045300878B57 /* SwiftUI_Stacks */ = {
			isa = PBXGroup;
			children = (
				6CDFFB5826B8045300878B57 /* AppDelegate.swift */,
				6CDFFB5A26B8045300878B57 /* SceneDelegate.swift */,
				6CDFFB5C26B8045300878B57 /* ContentView.swift */,
				6CDFFB5E26B8045400878B57 /* Assets.xcassets */,
				6CDFFB6326B8045400878B57 /* LaunchScreen.storyboard */,
				6CDFFB6626B8045400878B57 /* Info.plist */,
				6CDFFB6026B8045400878B57 /* Preview Content */,
				6CDFFB6C26B8082800878B57 /* MyVstack.swift */,
				6CDFFB6E26B8097500878B57 /* MyHstack.swift */,
				6CDFFB7026B80BEF00878B57 /* MyZstack.swift */,
			);
			path = SwiftUI_Stacks;
			sourceTree = "<group>";
		};
		6CDFFB6026B8045400878B57 /* Preview Content */ = {
			isa = PBXGroup;
			children = (
				6CDFFB6126B8045400878B57 /* Preview Assets.xcassets */,
			);
			path = "Preview Content";
			sourceTree = "<group>";
		};
/* End PBXGroup section */

/* Begin PBXNativeTarget section */
		6CDFFB5426B8045300878B57 /* SwiftUI_Stacks */ = {
			isa = PBXNativeTarget;
			buildConfigurationList = 6CDFFB6926B8045400878B57 /* Build configuration list for PBXNativeTarget "SwiftUI_Stacks" */;
			buildPhases = (
				6CDFFB5126B8045300878B57 /* Sources */,
				6CDFFB5226B8045300878B57 /* Frameworks */,
				6CDFFB5326B8045300878B57 /* Resources */,
			);
			buildRules = (
			);
			dependencies = (
			);
			name = SwiftUI_Stacks;
			productName = SwiftUI_Stacks;
			productReference = 6CDFFB5526B8045300878B57 /* SwiftUI_Stacks.app */;
			productType = "com.apple.product-type.application";
		};
/* End PBXNativeTarget section */

/* Begin PBXProject section */
		6CDFFB4D26B8045300878B57 /* Project object */ = {
			isa = PBXProject;
			attributes = {
				LastSwiftUpdateCheck = 1250;
				LastUpgradeCheck = 1250;
				TargetAttributes = {
					6CDFFB5426B8045300878B57 = {
						CreatedOnToolsVersion = 12.5.1;
					};
				};
			};
			buildConfigurationList = 6CDFFB5026B8045300878B57 /* Build configuration list for PBXProject "SwiftUI_Stacks" */;
			compatibilityVersion = "Xcode 9.3";
			developmentRegion = en;
			hasScannedForEncodings = 0;
			knownRegions = (
				en,
				Base,
			);
			mainGroup = 6CDFFB4C26B8045300878B57;
			productRefGroup = 6CDFFB5626B8045300878B57 /* Products */;
			projectDirPath = "";
			projectRoot = "";
			targets = (
				6CDFFB5426B8045300878B57 /* SwiftUI_Stacks */,
			);
		};
/* End PBXProject section */

/* Begin PBXResourcesBuildPhase section */
		6CDFFB5326B8045300878B57 /* Resources */ = {
			isa = PBXResourcesBuildPhase;
			buildActionMask = 2147483647;
			files = (
				6CDFFB6526B8045400878B57 /* LaunchScreen.storyboard in Resources */,
				6CDFFB6226B8045400878B57 /* Preview Assets.xcassets in Resources */,
				6CDFFB5F26B8045400878B57 /* Assets.xcassets in Resources */,
			);
			runOnlyForDeploymentPostprocessing = 0;
		};
/* End PBXResourcesBuildPhase section */

/* Begin PBXSourcesBuildPhase section */
		6CDFFB5126B8045300878B57 /* Sources */ = {
			isa = PBXSourcesBuildPhase;
			buildActionMask = 2147483647;
			files = (
				6CDFFB5926B8045300878B57 /* AppDelegate.swift in Sources */,
				6CDFFB7126B80BEF00878B57 /* MyZstack.swift in Sources */,
				6CDFFB6F26B8097500878B57 /* MyHstack.swift in Sources */,
				6CDFFB5B26B8045300878B57 /* SceneDelegate.swift in Sources */,
				6CDFFB5D26B8045300878B57 /* ContentView.swift in Sources */,
				6CDFFB6D26B8082800878B57 /* MyVstack.swift in Sources */,
			);
			runOnlyForDeploymentPostprocessing = 0;
		};
/* End PBXSourcesBuildPhase section */

/* Begin PBXVariantGroup section */
		6CDFFB6326B8045400878B57 /* LaunchScreen.storyboard */ = {
			isa = PBXVariantGroup;
			children = (
				6CDFFB6426B8045400878B57 /* Base */,
			);
			name = LaunchScreen.storyboard;
			sourceTree = "<group>";
		};
/* End PBXVariantGroup section */

/* Begin XCBuildConfiguration section */
		6CDFFB6726B8045400878B57 /* Debug */ = {
			isa = XCBuildConfiguration;
			buildSettings = {
				ALWAYS_SEARCH_USER_PATHS = NO;
				CLANG_ANALYZER_NONNULL = YES;
				CLANG_ANALYZER_NUMBER_OBJECT_CONVERSION = YES_AGGRESSIVE;
				CLANG_CXX_LANGUAGE_STANDARD = "gnu++14";
				CLANG_CXX_LIBRARY = "libc++";
				CLANG_ENABLE_MODULES = YES;
				CLANG_ENABLE_OBJC_ARC = YES;
				CLANG_ENABLE_OBJC_WEAK = YES;
				CLANG_WARN_BLOCK_CAPTURE_AUTORELEASING = YES;
				CLANG_WARN_BOOL_CONVERSION = YES;
				CLANG_WARN_COMMA = YES;
				CLANG_WARN_CONSTANT_CONVERSION = YES;
				CLANG_WARN_DEPRECATED_OBJC_IMPLEMENTATIONS = YES;
				CLANG_WARN_DIRECT_OBJC_ISA_USAGE = YES_ERROR;
				CLANG_WARN_DOCUMENTATION_COMMENTS = YES;
				CLANG_WARN_EMPTY_BODY = YES;
				CLANG_WARN_ENUM_CONVERSION = YES;
				CLANG_WARN_INFINITE_RECURSION = YES;
				CLANG_WARN_INT_CONVERSION = YES;
				CLANG_WARN_NON_LITERAL_NULL_CONVERSION = YES;
				CLANG_WARN_OBJC_IMPLICIT_RETAIN_SELF = YES;
				CLANG_WARN_OBJC_LITERAL_CONVERSION = YES;
				CLANG_WARN_OBJC_ROOT_CLASS = YES_ERROR;
				CLANG_WARN_QUOTED_INCLUDE_IN_FRAMEWORK_HEADER = YES;
				CLANG_WARN_RANGE_LOOP_ANALYSIS = YES;
				CLANG_WARN_STRICT_PROTOTYPES = YES;
				CLANG_WARN_SUSPICIOUS_MOVE = YES;
				CLANG_WARN_UNGUARDED_AVAILABILITY = YES_AGGRESSIVE;
				CLANG_WARN_UNREACHABLE_CODE = YES;
				CLANG_WARN__DUPLICATE_METHOD_MATCH = YES;
				COPY_PHASE_STRIP = NO;
				DEBUG_INFORMATION_FORMAT = dwarf;
				ENABLE_STRICT_OBJC_MSGSEND = YES;
				ENABLE_TESTABILITY = YES;
				GCC_C_LANGUAGE_STANDARD = gnu11;
				GCC_DYNAMIC_NO_PIC = NO;
				GCC_NO_COMMON_BLOCKS = YES;
				GCC_OPTIMIZATION_LEVEL = 0;
				GCC_PREPROCESSOR_DEFINITIONS = (
					"DEBUG=1",
					"$(inherited)",
				);
				GCC_WARN_64_TO_32_BIT_CONVERSION = YES;
				GCC_WARN_ABOUT_RETURN_TYPE = YES_ERROR;
				GCC_WARN_UNDECLARED_SELECTOR = YES;
				GCC_WARN_UNINITIALIZED_AUTOS = YES_AGGRESSIVE;
				GCC_WARN_UNUSED_FUNCTION = YES;
				GCC_WARN_UNUSED_VARIABLE = YES;
				IPHONEOS_DEPLOYMENT_TARGET = 14.5;
				MTL_ENABLE_DEBUG_INFO = INCLUDE_SOURCE;
				MTL_FAST_MATH = YES;
				ONLY_ACTIVE_ARCH = YES;
				SDKROOT = iphoneos;
				SWIFT_ACTIVE_COMPILATION_CONDITIONS = DEBUG;
				SWIFT_OPTIMIZATION_LEVEL = "-Onone";
			};
			name = Debug;
		};
		6CDFFB6826B8045400878B57 /* Release */ = {
			isa = XCBuildConfiguration;
			buildSettings = {
				ALWAYS_SEARCH_USER_PATHS = NO;
				CLANG_ANALYZER_NONNULL = YES;
				CLANG_ANALYZER_NUMBER_OBJECT_CONVERSION = YES_AGGRESSIVE;
				CLANG_CXX_LANGUAGE_STANDARD = "gnu++14";
				CLANG_CXX_LIBRARY = "libc++";
				CLANG_ENABLE_MODULES = YES;
				CLANG_ENABLE_OBJC_ARC = YES;
				CLANG_ENABLE_OBJC_WEAK = YES;
				CLANG_WARN_BLOCK_CAPTURE_AUTORELEASING = YES;
				CLANG_WARN_BOOL_CONVERSION = YES;
				CLANG_WARN_COMMA = YES;
				CLANG_WARN_CONSTANT_CONVERSION = YES;
				CLANG_WARN_DEPRECATED_OBJC_IMPLEMENTATIONS = YES;
				CLANG_WARN_DIRECT_OBJC_ISA_USAGE = YES_ERROR;
				CLANG_WARN_DOCUMENTATION_COMMENTS = YES;
				CLANG_WARN_EMPTY_BODY = YES;
				CLANG_WARN_ENUM_CONVERSION = YES;
				CLANG_WARN_INFINITE_RECURSION = YES;
				CLANG_WARN_INT_CONVERSION = YES;
				CLANG_WARN_NON_LITERAL_NULL_CONVERSION = YES;
				CLANG_WARN_OBJC_IMPLICIT_RETAIN_SELF = YES;
				CLANG_WARN_OBJC_LITERAL_CONVERSION = YES;
				CLANG_WARN_OBJC_ROOT_CLASS = YES_ERROR;
				CLANG_WARN_QUOTED_INCLUDE_IN_FRAMEWORK_HEADER = YES;
				CLANG_WARN_RANGE_LOOP_ANALYSIS = YES;
				CLANG_WARN_STRICT_PROTOTYPES = YES;
				CLANG_WARN_SUSPICIOUS_MOVE = YES;
				CLANG_WARN_UNGUARDED_AVAILABILITY = YES_AGGRESSIVE;
				CLANG_WARN_UNREACHABLE_CODE = YES;
				CLANG_WARN__DUPLICATE_METHOD_MATCH = YES;
				COPY_PHASE_STRIP = NO;
				DEBUG_INFORMATION_FORMAT = "dwarf-with-dsym";
				ENABLE_NS_ASSERTIONS = NO;
				ENABLE_STRICT_OBJC_MSGSEND = YES;
				GCC_C_LANGUAGE_STANDARD = gnu11;
				GCC_NO_COMMON_BLOCKS = YES;
				GCC_WARN_64_TO_32_BIT_CONVERSION = YES;
				GCC_WARN_ABOUT_RETURN_TYPE = YES_ERROR;
				GCC_WARN_UNDECLARED_SELECTOR = YES;
				GCC_WARN_UNINITIALIZED_AUTOS = YES_AGGRESSIVE;
				GCC_WARN_UNUSED_FUNCTION = YES;
				GCC_WARN_UNUSED_VARIABLE = YES;
				IPHONEOS_DEPLOYMENT_TARGET = 14.5;
				MTL_ENABLE_DEBUG_INFO = NO;
				MTL_FAST_MATH = YES;
				SDKROOT = iphoneos;
				SWIFT_COMPILATION_MODE = wholemodule;
				SWIFT_OPTIMIZATION_LEVEL = "-O";
				VALIDATE_PRODUCT = YES;
			};
			name = Release;
		};
		6CDFFB6A26B8045400878B57 /* Debug */ = {
			isa = XCBuildConfiguration;
			buildSettings = {
				ASSETCATALOG_COMPILER_APPICON_NAME = AppIcon;
				ASSETCATALOG_COMPILER_GLOBAL_ACCENT_COLOR_NAME = AccentColor;
				CODE_SIGN_STYLE = Automatic;
				DEVELOPMENT_ASSET_PATHS = "\"SwiftUI_Stacks/Preview Content\"";
				DEVELOPMENT_TEAM = TLRL588DB6;
				ENABLE_PREVIEWS = YES;
				INFOPLIST_FILE = SwiftUI_Stacks/Info.plist;
				LD_RUNPATH_SEARCH_PATHS = (
					"$(inherited)",
					"@executable_path/Frameworks",
				);
				PRODUCT_BUNDLE_IDENTIFIER = "Julia.SwiftUI-Stacks";
				PRODUCT_NAME = "$(TARGET_NAME)";
				SWIFT_VERSION = 5.0;
				TARGETED_DEVICE_FAMILY = "1,2";
			};
			name = Debug;
		};
		6CDFFB6B26B8045400878B57 /* Release */ = {
			isa = XCBuildConfiguration;
			buildSettings = {
				ASSETCATALOG_COMPILER_APPICON_NAME = AppIcon;
				ASSETCATALOG_COMPILER_GLOBAL_ACCENT_COLOR_NAME = AccentColor;
				CODE_SIGN_STYLE = Automatic;
				DEVELOPMENT_ASSET_PATHS = "\"SwiftUI_Stacks/Preview Content\"";
				DEVELOPMENT_TEAM = TLRL588DB6;
				ENABLE_PREVIEWS = YES;
				INFOPLIST_FILE = SwiftUI_Stacks/Info.plist;
				LD_RUNPATH_SEARCH_PATHS = (
					"$(inherited)",
					"@executable_path/Frameworks",
				);
				PRODUCT_BUNDLE_IDENTIFIER = "Julia.SwiftUI-Stacks";
				PRODUCT_NAME = "$(TARGET_NAME)";
				SWIFT_VERSION = 5.0;
				TARGETED_DEVICE_FAMILY = "1,2";
			};
			name = Release;
		};
/* End XCBuildConfiguration section */

/* Begin XCConfigurationList section */
		6CDFFB5026B8045300878B57 /* Build configuration list for PBXProject "SwiftUI_Stacks" */ = {
			isa = XCConfigurationList;
			buildConfigurations = (
				6CDFFB6726B8045400878B57 /* Debug */,
				6CDFFB6826B8045400878B57 /* Release */,
			);
			defaultConfigurationIsVisible = 0;
			defaultConfigurationName = Release;
		};
		6CDFFB6926B8045400878B57 /* Build configuration list for PBXNativeTarget "SwiftUI_Stacks" */ = {
			isa = XCConfigurationList;
			buildConfigurations = (
				6CDFFB6A26B8045400878B57 /* Debug */,
				6CDFFB6B26B8045400878B57 /* Release */,
			);
			defaultConfigurationIsVisible = 0;
			defaultConfigurationName = Release;
		};
/* End XCConfigurationList section */
	};
	rootObject = 6CDFFB4D26B8045300878B57 /* Project object */;
}
